// !$*UTF8*$!
{
	archiveVersion = 1;
	classes = {
	};
	objectVersion = 55;
	objects = {

/* Begin PBXBuildFile section */
		3195A4122874CE3600B89E68 /* AddressFinderApp.swift in Sources */ = {isa = PBXBuildFile; fileRef = 3195A4112874CE3600B89E68 /* AddressFinderApp.swift */; };
		3195A4142874CE3600B89E68 /* ContentView.swift in Sources */ = {isa = PBXBuildFile; fileRef = 3195A4132874CE3600B89E68 /* ContentView.swift */; };
		3195A4162874CE3700B89E68 /* Assets.xcassets in Resources */ = {isa = PBXBuildFile; fileRef = 3195A4152874CE3700B89E68 /* Assets.xcassets */; };
		3195A4192874CE3700B89E68 /* Preview Assets.xcassets in Resources */ = {isa = PBXBuildFile; fileRef = 3195A4182874CE3700B89E68 /* Preview Assets.xcassets */; };
		3195A4202874CE6100B89E68 /* SplashScreenView.swift in Sources */ = {isa = PBXBuildFile; fileRef = 3195A41F2874CE6100B89E68 /* SplashScreenView.swift */; };
		3195A4272874D48200B89E68 /* LocationRequestView.swift in Sources */ = {isa = PBXBuildFile; fileRef = 3195A4262874D48200B89E68 /* LocationRequestView.swift */; };
		3195A4292874DD6C00B89E68 /* Strings.swift in Sources */ = {isa = PBXBuildFile; fileRef = 3195A4282874DD6C00B89E68 /* Strings.swift */; };
		3195A42B2874EA5500B89E68 /* NoLocationAccess.swift in Sources */ = {isa = PBXBuildFile; fileRef = 3195A42A2874EA5500B89E68 /* NoLocationAccess.swift */; };
		3195A42E2875648F00B89E68 /* MapModel.swift in Sources */ = {isa = PBXBuildFile; fileRef = 3195A42D2875648F00B89E68 /* MapModel.swift */; };
		3195A4312875BD3800B89E68 /* MapAPI.swift in Sources */ = {isa = PBXBuildFile; fileRef = 3195A4302875BD3800B89E68 /* MapAPI.swift */; };
		3195A4382875DA1100B89E68 /* MapView.swift in Sources */ = {isa = PBXBuildFile; fileRef = 3195A4372875DA1100B89E68 /* MapView.swift */; };
/* End PBXBuildFile section */

/* Begin PBXFileReference section */
		3195A40E2874CE3600B89E68 /* AddressFinder.app */ = {isa = PBXFileReference; explicitFileType = wrapper.application; includeInIndex = 0; path = AddressFinder.app; sourceTree = BUILT_PRODUCTS_DIR; };
		3195A4112874CE3600B89E68 /* AddressFinderApp.swift */ = {isa = PBXFileReference; lastKnownFileType = sourcecode.swift; path = AddressFinderApp.swift; sourceTree = "<group>"; };
		3195A4132874CE3600B89E68 /* ContentView.swift */ = {isa = PBXFileReference; lastKnownFileType = sourcecode.swift; path = ContentView.swift; sourceTree = "<group>"; };
		3195A4152874CE3700B89E68 /* Assets.xcassets */ = {isa = PBXFileReference; lastKnownFileType = folder.assetcatalog; path = Assets.xcassets; sourceTree = "<group>"; };
		3195A4182874CE3700B89E68 /* Preview Assets.xcassets */ = {isa = PBXFileReference; lastKnownFileType = folder.assetcatalog; path = "Preview Assets.xcassets"; sourceTree = "<group>"; };
		3195A41F2874CE6100B89E68 /* SplashScreenView.swift */ = {isa = PBXFileReference; lastKnownFileType = sourcecode.swift; path = SplashScreenView.swift; sourceTree = "<group>"; };
		3195A4262874D48200B89E68 /* LocationRequestView.swift */ = {isa = PBXFileReference; lastKnownFileType = sourcecode.swift; path = LocationRequestView.swift; sourceTree = "<group>"; };
		3195A4282874DD6C00B89E68 /* Strings.swift */ = {isa = PBXFileReference; lastKnownFileType = sourcecode.swift; path = Strings.swift; sourceTree = "<group>"; };
		3195A42A2874EA5500B89E68 /* NoLocationAccess.swift */ = {isa = PBXFileReference; lastKnownFileType = sourcecode.swift; path = NoLocationAccess.swift; sourceTree = "<group>"; };
		3195A42C2875644300B89E68 /* Info.plist */ = {isa = PBXFileReference; lastKnownFileType = text.plist; path = Info.plist; sourceTree = "<group>"; };
		3195A42D2875648F00B89E68 /* MapModel.swift */ = {isa = PBXFileReference; lastKnownFileType = sourcecode.swift; path = MapModel.swift; sourceTree = "<group>"; };
		3195A4302875BD3800B89E68 /* MapAPI.swift */ = {isa = PBXFileReference; lastKnownFileType = sourcecode.swift; path = MapAPI.swift; sourceTree = "<group>"; };
		3195A4372875DA1100B89E68 /* MapView.swift */ = {isa = PBXFileReference; lastKnownFileType = sourcecode.swift; path = MapView.swift; sourceTree = "<group>"; };
/* End PBXFileReference section */

/* Begin PBXFrameworksBuildPhase section */
		3195A40B2874CE3600B89E68 /* Frameworks */ = {
			isa = PBXFrameworksBuildPhase;
			buildActionMask = 2147483647;
			files = (
			);
			runOnlyForDeploymentPostprocessing = 0;
		};
/* End PBXFrameworksBuildPhase section */

/* Begin PBXGroup section */
		3195A4052874CE3600B89E68 = {
			isa = PBXGroup;
			children = (
				3195A4102874CE3600B89E68 /* AddressFinder */,
				3195A40F2874CE3600B89E68 /* Products */,
			);
			sourceTree = "<group>";
		};
		3195A40F2874CE3600B89E68 /* Products */ = {
			isa = PBXGroup;
			children = (
				3195A40E2874CE3600B89E68 /* AddressFinder.app */,
			);
			name = Products;
			sourceTree = "<group>";
		};
		3195A4102874CE3600B89E68 /* AddressFinder */ = {
			isa = PBXGroup;
			children = (
				3195A4322875C38B00B89E68 /* API */,
				3195A42F2875649D00B89E68 /* Model */,
				3195A4212874CF7B00B89E68 /* UI */,
				3195A4112874CE3600B89E68 /* AddressFinderApp.swift */,
				3195A4132874CE3600B89E68 /* ContentView.swift */,
				3195A4152874CE3700B89E68 /* Assets.xcassets */,
				3195A42C2875644300B89E68 /* Info.plist */,
				3195A4172874CE3700B89E68 /* Preview Content */,
				3195A4282874DD6C00B89E68 /* Strings.swift */,
			);
			path = AddressFinder;
			sourceTree = "<group>";
		};
		3195A4172874CE3700B89E68 /* Preview Content */ = {
			isa = PBXGroup;
			children = (
				3195A4182874CE3700B89E68 /* Preview Assets.xcassets */,
			);
			path = "Preview Content";
			sourceTree = "<group>";
		};
		3195A4212874CF7B00B89E68 /* UI */ = {
			isa = PBXGroup;
			children = (
				3195A4262874D48200B89E68 /* LocationRequestView.swift */,
				3195A4372875DA1100B89E68 /* MapView.swift */,
				3195A42A2874EA5500B89E68 /* NoLocationAccess.swift */,
				3195A41F2874CE6100B89E68 /* SplashScreenView.swift */,
			);
			path = UI;
			sourceTree = "<group>";
		};
		3195A42F2875649D00B89E68 /* Model */ = {
			isa = PBXGroup;
			children = (
				3195A42D2875648F00B89E68 /* MapModel.swift */,
			);
			path = Model;
			sourceTree = "<group>";
		};
		3195A4322875C38B00B89E68 /* API */ = {
			isa = PBXGroup;
			children = (
				3195A4302875BD3800B89E68 /* MapAPI.swift */,
			);
			path = API;
			sourceTree = "<group>";
		};
/* End PBXGroup section */

/* Begin PBXNativeTarget section */
		3195A40D2874CE3600B89E68 /* AddressFinder */ = {
			isa = PBXNativeTarget;
			buildConfigurationList = 3195A41C2874CE3700B89E68 /* Build configuration list for PBXNativeTarget "AddressFinder" */;
			buildPhases = (
				3195A40A2874CE3600B89E68 /* Sources */,
				3195A40B2874CE3600B89E68 /* Frameworks */,
				3195A40C2874CE3600B89E68 /* Resources */,
			);
			buildRules = (
			);
			dependencies = (
			);
			name = AddressFinder;
			productName = AddressFinder;
			productReference = 3195A40E2874CE3600B89E68 /* AddressFinder.app */;
			productType = "com.apple.product-type.application";
		};
/* End PBXNativeTarget section */

/* Begin PBXProject section */
		3195A4062874CE3600B89E68 /* Project object */ = {
			isa = PBXProject;
			attributes = {
				BuildIndependentTargetsInParallel = 1;
				LastSwiftUpdateCheck = 1340;
				LastUpgradeCheck = 1340;
				TargetAttributes = {
					3195A40D2874CE3600B89E68 = {
						CreatedOnToolsVersion = 13.4.1;
					};
				};
			};
			buildConfigurationList = 3195A4092874CE3600B89E68 /* Build configuration list for PBXProject "AddressFinder" */;
			compatibilityVersion = "Xcode 13.0";
			developmentRegion = en;
			hasScannedForEncodings = 0;
			knownRegions = (
				en,
				Base,
			);
			mainGroup = 3195A4052874CE3600B89E68;
			productRefGroup = 3195A40F2874CE3600B89E68 /* Products */;
			projectDirPath = "";
			projectRoot = "";
			targets = (
				3195A40D2874CE3600B89E68 /* AddressFinder */,
			);
		};
/* End PBXProject section */

/* Begin PBXResourcesBuildPhase section */
		3195A40C2874CE3600B89E68 /* Resources */ = {
			isa = PBXResourcesBuildPhase;
			buildActionMask = 2147483647;
			files = (
				3195A4192874CE3700B89E68 /* Preview Assets.xcassets in Resources */,
				3195A4162874CE3700B89E68 /* Assets.xcassets in Resources */,
			);
			runOnlyForDeploymentPostprocessing = 0;
		};
/* End PBXResourcesBuildPhase section */

/* Begin PBXSourcesBuildPhase section */
		3195A40A2874CE3600B89E68 /* Sources */ = {
			isa = PBXSourcesBuildPhase;
			buildActionMask = 2147483647;
			files = (
				3195A42B2874EA5500B89E68 /* NoLocationAccess.swift in Sources */,
				3195A4142874CE3600B89E68 /* ContentView.swift in Sources */,
				3195A4272874D48200B89E68 /* LocationRequestView.swift in Sources */,
				3195A4292874DD6C00B89E68 /* Strings.swift in Sources */,
				3195A42E2875648F00B89E68 /* MapModel.swift in Sources */,
				3195A4122874CE3600B89E68 /* AddressFinderApp.swift in Sources */,
				3195A4382875DA1100B89E68 /* MapView.swift in Sources */,
				3195A4202874CE6100B89E68 /* SplashScreenView.swift in Sources */,
				3195A4312875BD3800B89E68 /* MapAPI.swift in Sources */,
			);
			runOnlyForDeploymentPostprocessing = 0;
		};
/* End PBXSourcesBuildPhase section */

/* Begin XCBuildConfiguration section */
		3195A41A2874CE3700B89E68 /* Debug */ = {
			isa = XCBuildConfiguration;
			buildSettings = {
				ALWAYS_SEARCH_USER_PATHS = NO;
				CLANG_ANALYZER_NONNULL = YES;
				CLANG_ANALYZER_NUMBER_OBJECT_CONVERSION = YES_AGGRESSIVE;
				CLANG_CXX_LANGUAGE_STANDARD = "gnu++17";
				CLANG_ENABLE_MODULES = YES;
				CLANG_ENABLE_OBJC_ARC = YES;
				CLANG_ENABLE_OBJC_WEAK = YES;
				CLANG_WARN_BLOCK_CAPTURE_AUTORELEASING = YES;
				CLANG_WARN_BOOL_CONVERSION = YES;
				CLANG_WARN_COMMA = YES;
				CLANG_WARN_CONSTANT_CONVERSION = YES;
				CLANG_WARN_DEPRECATED_OBJC_IMPLEMENTATIONS = YES;
				CLANG_WARN_DIRECT_OBJC_ISA_USAGE = YES_ERROR;
				CLANG_WARN_DOCUMENTATION_COMMENTS = YES;
				CLANG_WARN_EMPTY_BODY = YES;
				CLANG_WARN_ENUM_CONVERSION = YES;
				CLANG_WARN_INFINITE_RECURSION = YES;
				CLANG_WARN_INT_CONVERSION = YES;
				CLANG_WARN_NON_LITERAL_NULL_CONVERSION = YES;
				CLANG_WARN_OBJC_IMPLICIT_RETAIN_SELF = YES;
				CLANG_WARN_OBJC_LITERAL_CONVERSION = YES;
				CLANG_WARN_OBJC_ROOT_CLASS = YES_ERROR;
				CLANG_WARN_QUOTED_INCLUDE_IN_FRAMEWORK_HEADER = YES;
				CLANG_WARN_RANGE_LOOP_ANALYSIS = YES;
				CLANG_WARN_STRICT_PROTOTYPES = YES;
				CLANG_WARN_SUSPICIOUS_MOVE = YES;
				CLANG_WARN_UNGUARDED_AVAILABILITY = YES_AGGRESSIVE;
				CLANG_WARN_UNREACHABLE_CODE = YES;
				CLANG_WARN__DUPLICATE_METHOD_MATCH = YES;
				COPY_PHASE_STRIP = NO;
				DEBUG_INFORMATION_FORMAT = dwarf;
				ENABLE_STRICT_OBJC_MSGSEND = YES;
				ENABLE_TESTABILITY = YES;
				GCC_C_LANGUAGE_STANDARD = gnu11;
				GCC_DYNAMIC_NO_PIC = NO;
				GCC_NO_COMMON_BLOCKS = YES;
				GCC_OPTIMIZATION_LEVEL = 0;
				GCC_PREPROCESSOR_DEFINITIONS = (
					"DEBUG=1",
					"$(inherited)",
				);
				GCC_WARN_64_TO_32_BIT_CONVERSION = YES;
				GCC_WARN_ABOUT_RETURN_TYPE = YES_ERROR;
				GCC_WARN_UNDECLARED_SELECTOR = YES;
				GCC_WARN_UNINITIALIZED_AUTOS = YES_AGGRESSIVE;
				GCC_WARN_UNUSED_FUNCTION = YES;
				GCC_WARN_UNUSED_VARIABLE = YES;
				IPHONEOS_DEPLOYMENT_TARGET = 15.5;
				MTL_ENABLE_DEBUG_INFO = INCLUDE_SOURCE;
				MTL_FAST_MATH = YES;
				ONLY_ACTIVE_ARCH = YES;
				SDKROOT = iphoneos;
				SWIFT_ACTIVE_COMPILATION_CONDITIONS = DEBUG;
				SWIFT_OPTIMIZATION_LEVEL = "-Onone";
			};
			name = Debug;
		};
		3195A41B2874CE3700B89E68 /* Release */ = {
			isa = XCBuildConfiguration;
			buildSettings = {
				ALWAYS_SEARCH_USER_PATHS = NO;
				CLANG_ANALYZER_NONNULL = YES;
				CLANG_ANALYZER_NUMBER_OBJECT_CONVERSION = YES_AGGRESSIVE;
				CLANG_CXX_LANGUAGE_STANDARD = "gnu++17";
				CLANG_ENABLE_MODULES = YES;
				CLANG_ENABLE_OBJC_ARC = YES;
				CLANG_ENABLE_OBJC_WEAK = YES;
				CLANG_WARN_BLOCK_CAPTURE_AUTORELEASING = YES;
				CLANG_WARN_BOOL_CONVERSION = YES;
				CLANG_WARN_COMMA = YES;
				CLANG_WARN_CONSTANT_CONVERSION = YES;
				CLANG_WARN_DEPRECATED_OBJC_IMPLEMENTATIONS = YES;
				CLANG_WARN_DIRECT_OBJC_ISA_USAGE = YES_ERROR;
				CLANG_WARN_DOCUMENTATION_COMMENTS = YES;
				CLANG_WARN_EMPTY_BODY = YES;
				CLANG_WARN_ENUM_CONVERSION = YES;
				CLANG_WARN_INFINITE_RECURSION = YES;
				CLANG_WARN_INT_CONVERSION = YES;
				CLANG_WARN_NON_LITERAL_NULL_CONVERSION = YES;
				CLANG_WARN_OBJC_IMPLICIT_RETAIN_SELF = YES;
				CLANG_WARN_OBJC_LITERAL_CONVERSION = YES;
				CLANG_WARN_OBJC_ROOT_CLASS = YES_ERROR;
				CLANG_WARN_QUOTED_INCLUDE_IN_FRAMEWORK_HEADER = YES;
				CLANG_WARN_RANGE_LOOP_ANALYSIS = YES;
				CLANG_WARN_STRICT_PROTOTYPES = YES;
				CLANG_WARN_SUSPICIOUS_MOVE = YES;
				CLANG_WARN_UNGUARDED_AVAILABILITY = YES_AGGRESSIVE;
				CLANG_WARN_UNREACHABLE_CODE = YES;
				CLANG_WARN__DUPLICATE_METHOD_MATCH = YES;
				COPY_PHASE_STRIP = NO;
				DEBUG_INFORMATION_FORMAT = "dwarf-with-dsym";
				ENABLE_NS_ASSERTIONS = NO;
				ENABLE_STRICT_OBJC_MSGSEND = YES;
				GCC_C_LANGUAGE_STANDARD = gnu11;
				GCC_NO_COMMON_BLOCKS = YES;
				GCC_WARN_64_TO_32_BIT_CONVERSION = YES;
				GCC_WARN_ABOUT_RETURN_TYPE = YES_ERROR;
				GCC_WARN_UNDECLARED_SELECTOR = YES;
				GCC_WARN_UNINITIALIZED_AUTOS = YES_AGGRESSIVE;
				GCC_WARN_UNUSED_FUNCTION = YES;
				GCC_WARN_UNUSED_VARIABLE = YES;
				IPHONEOS_DEPLOYMENT_TARGET = 15.5;
				MTL_ENABLE_DEBUG_INFO = NO;
				MTL_FAST_MATH = YES;
				SDKROOT = iphoneos;
				SWIFT_COMPILATION_MODE = wholemodule;
				SWIFT_OPTIMIZATION_LEVEL = "-O";
				VALIDATE_PRODUCT = YES;
			};
			name = Release;
		};
		3195A41D2874CE3700B89E68 /* Debug */ = {
			isa = XCBuildConfiguration;
			buildSettings = {
				ASSETCATALOG_COMPILER_APPICON_NAME = AppIcon;
				ASSETCATALOG_COMPILER_GLOBAL_ACCENT_COLOR_NAME = AccentColor;
				CODE_SIGN_STYLE = Automatic;
				CURRENT_PROJECT_VERSION = 1;
				DEVELOPMENT_ASSET_PATHS = "\"AddressFinder/Preview Content\"";
				DEVELOPMENT_TEAM = AMQ6T3X92J;
				ENABLE_PREVIEWS = YES;
				GENERATE_INFOPLIST_FILE = YES;
				INFOPLIST_FILE = AddressFinder/Info.plist;
				INFOPLIST_KEY_UIApplicationSceneManifest_Generation = YES;
				INFOPLIST_KEY_UIApplicationSupportsIndirectInputEvents = YES;
				INFOPLIST_KEY_UILaunchScreen_Generation = YES;
				INFOPLIST_KEY_UISupportedInterfaceOrientations_iPad = "UIInterfaceOrientationPortrait UIInterfaceOrientationPortraitUpsideDown UIInterfaceOrientationLandscapeLeft UIInterfaceOrientationLandscapeRight";
				INFOPLIST_KEY_UISupportedInterfaceOrientations_iPhone = "UIInterfaceOrientationPortrait UIInterfaceOrientationLandscapeLeft UIInterfaceOrientationLandscapeRight";
				IPHONEOS_DEPLOYMENT_TARGET = 14.0;
				LD_RUNPATH_SEARCH_PATHS = (
					"$(inherited)",
					"@executable_path/Frameworks",
				);
				MARKETING_VERSION = 1.0;
				PRODUCT_BUNDLE_IDENTIFIER = com.rhc0de.AddressFinder;
				PRODUCT_NAME = "$(TARGET_NAME)";
				SWIFT_EMIT_LOC_STRINGS = YES;
				SWIFT_VERSION = 5.0;
				TARGETED_DEVICE_FAMILY = "1,2";
			};
			name = Debug;
		};
		3195A41E2874CE3700B89E68 /* Release */ = {
			isa = XCBuildConfiguration;
			buildSettings = {
				ASSETCATALOG_COMPILER_APPICON_NAME = AppIcon;
				ASSETCATALOG_COMPILER_GLOBAL_ACCENT_COLOR_NAME = AccentColor;
				CODE_SIGN_STYLE = Automatic;
				CURRENT_PROJECT_VERSION = 1;
				DEVELOPMENT_ASSET_PATHS = "\"AddressFinder/Preview Content\"";
				DEVELOPMENT_TEAM = AMQ6T3X92J;
				ENABLE_PREVIEWS = YES;
				GENERATE_INFOPLIST_FILE = YES;
				INFOPLIST_FILE = AddressFinder/Info.plist;
				INFOPLIST_KEY_UIApplicationSceneManifest_Generation = YES;
				INFOPLIST_KEY_UIApplicationSupportsIndirectInputEvents = YES;
				INFOPLIST_KEY_UILaunchScreen_Generation = YES;
				INFOPLIST_KEY_UISupportedInterfaceOrientations_iPad = "UIInterfaceOrientationPortrait UIInterfaceOrientationPortraitUpsideDown UIInterfaceOrientationLandscapeLeft UIInterfaceOrientationLandscapeRight";
				INFOPLIST_KEY_UISupportedInterfaceOrientations_iPhone = "UIInterfaceOrientationPortrait UIInterfaceOrientationLandscapeLeft UIInterfaceOrientationLandscapeRight";
				IPHONEOS_DEPLOYMENT_TARGET = 14.0;
				LD_RUNPATH_SEARCH_PATHS = (
					"$(inherited)",
					"@executable_path/Frameworks",
				);
				MARKETING_VERSION = 1.0;
				PRODUCT_BUNDLE_IDENTIFIER = com.rhc0de.AddressFinder;
				PRODUCT_NAME = "$(TARGET_NAME)";
				SWIFT_EMIT_LOC_STRINGS = YES;
				SWIFT_VERSION = 5.0;
				TARGETED_DEVICE_FAMILY = "1,2";
			};
			name = Release;
		};
/* End XCBuildConfiguration section */

/* Begin XCConfigurationList section */
		3195A4092874CE3600B89E68 /* Build configuration list for PBXProject "AddressFinder" */ = {
			isa = XCConfigurationList;
			buildConfigurations = (
				3195A41A2874CE3700B89E68 /* Debug */,
				3195A41B2874CE3700B89E68 /* Release */,
			);
			defaultConfigurationIsVisible = 0;
			defaultConfigurationName = Release;
		};
		3195A41C2874CE3700B89E68 /* Build configuration list for PBXNativeTarget "AddressFinder" */ = {
			isa = XCConfigurationList;
			buildConfigurations = (
				3195A41D2874CE3700B89E68 /* Debug */,
				3195A41E2874CE3700B89E68 /* Release */,
			);
			defaultConfigurationIsVisible = 0;
			defaultConfigurationName = Release;
		};
/* End XCConfigurationList section */
	};
	rootObject = 3195A4062874CE3600B89E68 /* Project object */;
}
